
Microsoft Visual Studio Solution File, Format Version 12.00
# Visual Studio Version 16
VisualStudioVersion = 16.0.29324.140
MinimumVisualStudioVersion = 10.0.40219.1
Project("{FAE04EC0-301F-11D3-BF4B-00C04F79EFBC}") = "TestCalculatorLib", "TestCalculatorLib\TestCalculatorLib.csproj", "{E782DEDF-C3AA-4F56-9F9C-F479FB6506A6}"
	ProjectSection(ProjectDependencies) = postProject
		{A82B51A6-B5DD-4836-9CA4-67A59A2C236F} = {A82B51A6-B5DD-4836-9CA4-67A59A2C236F}
	EndProjectSection
EndProject
Project("{FAE04EC0-301F-11D3-BF4B-00C04F79EFBC}") = "SimpleCalculator", "SimpleCalculator\SimpleCalculator.csproj", "{A82B51A6-B5DD-4836-9CA4-67A59A2C236F}"
EndProject
Global
	GlobalSection(SolutionConfigurationPlatforms) = preSolution
		Debug|Any CPU = Debug|Any CPU
		Release|Any CPU = Release|Any CPU
	EndGlobalSection
	GlobalSection(ProjectConfigurationPlatforms) = postSolution
		{E782DEDF-C3AA-4F56-9F9C-F479FB6506A6}.Debug|Any CPU.ActiveCfg = Debug|Any CPU
		{E782DEDF-C3AA-4F56-9F9C-F479FB6506A6}.Debug|Any CPU.Build.0 = Debug|Any CPU
		{E782DEDF-C3AA-4F56-9F9C-F479FB6506A6}.Release|Any CPU.ActiveCfg = Release|Any CPU
		{E782DEDF-C3AA-4F56-9F9C-F479FB6506A6}.Release|Any CPU.Build.0 = Release|Any CPU
		{A82B51A6-B5DD-4836-9CA4-67A59A2C236F}.Debug|Any CPU.ActiveCfg = Debug|Any CPU
		{A82B51A6-B5DD-4836-9CA4-67A59A2C236F}.Debug|Any CPU.Build.0 = Debug|Any CPU
		{A82B51A6-B5DD-4836-9CA4-67A59A2C236F}.Release|Any CPU.ActiveCfg = Release|Any CPU
		{A82B51A6-B5DD-4836-9CA4-67A59A2C236F}.Release|Any CPU.Build.0 = Release|Any CPU
	EndGlobalSection
	GlobalSection(SolutionProperties) = preSolution
		HideSolutionNode = FALSE
	EndGlobalSection
	GlobalSection(ExtensibilityGlobals) = postSolution
		SolutionGuid = {153F12BB-71B8-4830-8B7F-ECC82B044959}
	EndGlobalSection
EndGlobal
